{
  "version": "v1",
  "packages": {
    "@semapps/activitypub-components": {
      "signature": "7a1a9fc0d16830cecfdbbf88fdbeb1ff"
    },
    "@semapps/auth-provider": {
      "signature": "9a4bfb2b2c17c436a3f467016bc94ac9"
    },
    "@semapps/date-components": {
      "signature": "80630bfd71121309e08c50ca63a12fd3"
    },
    "@semapps/field-components": {
      "signature": "999ee82ddec38f81b20aede1bcfac56d"
    },
    "@semapps/geo-components": {
      "signature": "169bcb4156cd5e4414f7afecb36de210"
    },
    "@semapps/input-components": {
      "signature": "3a3d144f706c5148c587885d3ddfd959"
    },
    "@semapps/list-components": {
      "signature": "68623f44b43e61cac88846a9da0ee789"
    },
    "@semapps/markdown-components": {
      "signature": "18ad389d84e08bc5ad0538d3ae65f520"
    },
    "@semapps/semantic-data-provider": {
      "signature": "8e02f346d3aeb72487534b432960ef7c"
    }
  }
}